
Microsoft Visual Studio Solution File, Format Version 12.00
# Visual Studio 15
VisualStudioVersion = 15.0.27703.2026
MinimumVisualStudioVersion = 10.0.40219.1
Project("{8BC9CEB8-8B4A-11D0-8D11-00A0C91BC942}") = "GameEngine", "GameEngine.vcxproj", "{C385E0D5-6A0D-46FA-A67C-8D2F880F0840}"
EndProject
Project("{8BC9CEB8-8B4A-11D0-8D11-00A0C91BC942}") = "Server", "Server.vcxproj", "{5421A2AE-3640-4BE6-81DB-5F8A396A5FC7}"
EndProject
Project("{8BC9CEB8-8B4A-11D0-8D11-00A0C91BC942}") = "GameEngineLib", "GameEngineLib.vcxproj", "{034CAE41-C44E-4575-9A5E-3783EA0D03DE}"
EndProject
Project("{8BC9CEB8-8B4A-11D0-8D11-00A0C91BC942}") = "ServerLib", "ServerLib.vcxproj", "{DAD854B6-EF0F-4046-AC10-6E586009FDF6}"
EndProject
Project("{8BC9CEB8-8B4A-11D0-8D11-00A0C91BC942}") = "ServerTest", "Tests\ServerTest\ServerTest.vcxproj", "{8233D2A8-8312-4729-B6C3-6A00F0881239}"
EndProject
Project("{8BC9CEB8-8B4A-11D0-8D11-00A0C91BC942}") = "GameEngineTest", "Tests\GameEngineTest\GameEngineTest.vcxproj", "{0009C135-AE74-49A7-AF97-E3DCD566C8E0}"
EndProject
Global
	GlobalSection(SolutionConfigurationPlatforms) = preSolution
		Debug|x64 = Debug|x64
		Debug|x86 = Debug|x86
		Release|x64 = Release|x64
		Release|x86 = Release|x86
	EndGlobalSection
	GlobalSection(ProjectConfigurationPlatforms) = postSolution
		{C385E0D5-6A0D-46FA-A67C-8D2F880F0840}.Debug|x64.ActiveCfg = Debug|x64
		{C385E0D5-6A0D-46FA-A67C-8D2F880F0840}.Debug|x64.Build.0 = Debug|x64
		{C385E0D5-6A0D-46FA-A67C-8D2F880F0840}.Debug|x86.ActiveCfg = Debug|Win32
		{C385E0D5-6A0D-46FA-A67C-8D2F880F0840}.Debug|x86.Build.0 = Debug|Win32
		{C385E0D5-6A0D-46FA-A67C-8D2F880F0840}.Release|x64.ActiveCfg = Release|x64
		{C385E0D5-6A0D-46FA-A67C-8D2F880F0840}.Release|x64.Build.0 = Release|x64
		{C385E0D5-6A0D-46FA-A67C-8D2F880F0840}.Release|x86.ActiveCfg = Release|Win32
		{C385E0D5-6A0D-46FA-A67C-8D2F880F0840}.Release|x86.Build.0 = Release|Win32
		{5421A2AE-3640-4BE6-81DB-5F8A396A5FC7}.Debug|x64.ActiveCfg = Debug|x64
		{5421A2AE-3640-4BE6-81DB-5F8A396A5FC7}.Debug|x64.Build.0 = Debug|x64
		{5421A2AE-3640-4BE6-81DB-5F8A396A5FC7}.Debug|x86.ActiveCfg = Debug|Win32
		{5421A2AE-3640-4BE6-81DB-5F8A396A5FC7}.Debug|x86.Build.0 = Debug|Win32
		{5421A2AE-3640-4BE6-81DB-5F8A396A5FC7}.Release|x64.ActiveCfg = Release|x64
		{5421A2AE-3640-4BE6-81DB-5F8A396A5FC7}.Release|x64.Build.0 = Release|x64
		{5421A2AE-3640-4BE6-81DB-5F8A396A5FC7}.Release|x86.ActiveCfg = Release|Win32
		{5421A2AE-3640-4BE6-81DB-5F8A396A5FC7}.Release|x86.Build.0 = Release|Win32
		{034CAE41-C44E-4575-9A5E-3783EA0D03DE}.Debug|x64.ActiveCfg = Debug|x64
		{034CAE41-C44E-4575-9A5E-3783EA0D03DE}.Debug|x64.Build.0 = Debug|x64
		{034CAE41-C44E-4575-9A5E-3783EA0D03DE}.Debug|x86.ActiveCfg = Debug|Win32
		{034CAE41-C44E-4575-9A5E-3783EA0D03DE}.Debug|x86.Build.0 = Debug|Win32
		{034CAE41-C44E-4575-9A5E-3783EA0D03DE}.Release|x64.ActiveCfg = Release|x64
		{034CAE41-C44E-4575-9A5E-3783EA0D03DE}.Release|x64.Build.0 = Release|x64
		{034CAE41-C44E-4575-9A5E-3783EA0D03DE}.Release|x86.ActiveCfg = Release|Win32
		{034CAE41-C44E-4575-9A5E-3783EA0D03DE}.Release|x86.Build.0 = Release|Win32
		{DAD854B6-EF0F-4046-AC10-6E586009FDF6}.Debug|x64.ActiveCfg = Debug|x64
		{DAD854B6-EF0F-4046-AC10-6E586009FDF6}.Debug|x64.Build.0 = Debug|x64
		{DAD854B6-EF0F-4046-AC10-6E586009FDF6}.Debug|x86.ActiveCfg = Debug|Win32
		{DAD854B6-EF0F-4046-AC10-6E586009FDF6}.Debug|x86.Build.0 = Debug|Win32
		{DAD854B6-EF0F-4046-AC10-6E586009FDF6}.Release|x64.ActiveCfg = Release|x64
		{DAD854B6-EF0F-4046-AC10-6E586009FDF6}.Release|x64.Build.0 = Release|x64
		{DAD854B6-EF0F-4046-AC10-6E586009FDF6}.Release|x86.ActiveCfg = Release|Win32
		{DAD854B6-EF0F-4046-AC10-6E586009FDF6}.Release|x86.Build.0 = Release|Win32
		{8233D2A8-8312-4729-B6C3-6A00F0881239}.Debug|x64.ActiveCfg = Debug|x64
		{8233D2A8-8312-4729-B6C3-6A00F0881239}.Debug|x64.Build.0 = Debug|x64
		{8233D2A8-8312-4729-B6C3-6A00F0881239}.Debug|x86.ActiveCfg = Debug|Win32
		{8233D2A8-8312-4729-B6C3-6A00F0881239}.Debug|x86.Build.0 = Debug|Win32
		{8233D2A8-8312-4729-B6C3-6A00F0881239}.Release|x64.ActiveCfg = Release|x64
		{8233D2A8-8312-4729-B6C3-6A00F0881239}.Release|x64.Build.0 = Release|x64
		{8233D2A8-8312-4729-B6C3-6A00F0881239}.Release|x86.ActiveCfg = Release|Win32
		{8233D2A8-8312-4729-B6C3-6A00F0881239}.Release|x86.Build.0 = Release|Win32
		{0009C135-AE74-49A7-AF97-E3DCD566C8E0}.Debug|x64.ActiveCfg = Debug|x64
		{0009C135-AE74-49A7-AF97-E3DCD566C8E0}.Debug|x64.Build.0 = Debug|x64
		{0009C135-AE74-49A7-AF97-E3DCD566C8E0}.Debug|x86.ActiveCfg = Debug|Win32
		{0009C135-AE74-49A7-AF97-E3DCD566C8E0}.Debug|x86.Build.0 = Debug|Win32
		{0009C135-AE74-49A7-AF97-E3DCD566C8E0}.Release|x64.ActiveCfg = Release|x64
		{0009C135-AE74-49A7-AF97-E3DCD566C8E0}.Release|x64.Build.0 = Release|x64
		{0009C135-AE74-49A7-AF97-E3DCD566C8E0}.Release|x86.ActiveCfg = Release|Win32
		{0009C135-AE74-49A7-AF97-E3DCD566C8E0}.Release|x86.Build.0 = Release|Win32
	EndGlobalSection
	GlobalSection(SolutionProperties) = preSolution
		HideSolutionNode = FALSE
	EndGlobalSection
	GlobalSection(ExtensibilityGlobals) = postSolution
		SolutionGuid = {C04E1100-CD99-4A49-B209-CCC88B0AAAD4}
	EndGlobalSection
EndGlobal
